
Microsoft Visual Studio Solution File, Format Version 12.00
# Visual Studio Version 17
VisualStudioVersion = 17.9.34622.214
MinimumVisualStudioVersion = 10.0.40219.1
Project("{FAE04EC0-301F-11D3-BF4B-00C04F79EFBC}") = "BlazorEvidence.Client", "BlazorEvidence.Client\BlazorEvidence.Client.csproj", "{2585B125-BAD6-4C4A-9068-B13A4D64B92F}"
EndProject
Project("{FAE04EC0-301F-11D3-BF4B-00C04F79EFBC}") = "BlazorEvidence.Server", "BlazorEvidence.Server\BlazorEvidence.Server.csproj", "{43EEBD94-A826-4BF1-B2AE-AEE756EE1254}"
EndProject
Project("{FAE04EC0-301F-11D3-BF4B-00C04F79EFBC}") = "BlazorEvidence.Shared", "BlazorEvidence.Shared\BlazorEvidence.Shared.csproj", "{D4AAC9D2-1CE5-47DA-BA4B-E67393045FBE}"
EndProject
Global
	GlobalSection(SolutionConfigurationPlatforms) = preSolution
		Debug|Any CPU = Debug|Any CPU
		Release|Any CPU = Release|Any CPU
	EndGlobalSection
	GlobalSection(ProjectConfigurationPlatforms) = postSolution
		{2585B125-BAD6-4C4A-9068-B13A4D64B92F}.Debug|Any CPU.ActiveCfg = Debug|Any CPU
		{2585B125-BAD6-4C4A-9068-B13A4D64B92F}.Debug|Any CPU.Build.0 = Debug|Any CPU
		{2585B125-BAD6-4C4A-9068-B13A4D64B92F}.Release|Any CPU.ActiveCfg = Release|Any CPU
		{2585B125-BAD6-4C4A-9068-B13A4D64B92F}.Release|Any CPU.Build.0 = Release|Any CPU
		{43EEBD94-A826-4BF1-B2AE-AEE756EE1254}.Debug|Any CPU.ActiveCfg = Debug|Any CPU
		{43EEBD94-A826-4BF1-B2AE-AEE756EE1254}.Debug|Any CPU.Build.0 = Debug|Any CPU
		{43EEBD94-A826-4BF1-B2AE-AEE756EE1254}.Release|Any CPU.ActiveCfg = Release|Any CPU
		{43EEBD94-A826-4BF1-B2AE-AEE756EE1254}.Release|Any CPU.Build.0 = Release|Any CPU
		{D4AAC9D2-1CE5-47DA-BA4B-E67393045FBE}.Debug|Any CPU.ActiveCfg = Debug|Any CPU
		{D4AAC9D2-1CE5-47DA-BA4B-E67393045FBE}.Debug|Any CPU.Build.0 = Debug|Any CPU
		{D4AAC9D2-1CE5-47DA-BA4B-E67393045FBE}.Release|Any CPU.ActiveCfg = Release|Any CPU
		{D4AAC9D2-1CE5-47DA-BA4B-E67393045FBE}.Release|Any CPU.Build.0 = Release|Any CPU
	EndGlobalSection
	GlobalSection(SolutionProperties) = preSolution
		HideSolutionNode = FALSE
	EndGlobalSection
	GlobalSection(ExtensibilityGlobals) = postSolution
		SolutionGuid = {56502375-1379-4732-A98B-D0A0C7AC8393}
	EndGlobalSection
EndGlobal
